
Microsoft Visual Studio Solution File, Format Version 12.00
# Visual Studio Version 16
VisualStudioVersion = 16.0.29920.165
MinimumVisualStudioVersion = 10.0.40219.1
Project("{9A19103F-16F7-4668-BE54-9A1E7A4F7556}") = "CY.TestGet", "CY.TestGet\CY.TestGet.csproj", "{9CD4E059-868E-4A6A-809B-5B7EB0E4DF89}"
EndProject
Project("{FAE04EC0-301F-11D3-BF4B-00C04F79EFBC}") = "Cy.Api", "Cy.Api\Cy.Api.csproj", "{EA922F55-9019-4819-9DBA-A0A59783D55C}"
EndProject
Project("{FAE04EC0-301F-11D3-BF4B-00C04F79EFBC}") = "Cy", "Cy\Cy.csproj", "{C8899EDE-F3F4-40F3-B21E-8F2E1D77DA71}"
EndProject
Global
	GlobalSection(SolutionConfigurationPlatforms) = preSolution
		Debug|Any CPU = Debug|Any CPU
		Release|Any CPU = Release|Any CPU
	EndGlobalSection
	GlobalSection(ProjectConfigurationPlatforms) = postSolution
		{9CD4E059-868E-4A6A-809B-5B7EB0E4DF89}.Debug|Any CPU.ActiveCfg = Debug|Any CPU
		{9CD4E059-868E-4A6A-809B-5B7EB0E4DF89}.Debug|Any CPU.Build.0 = Debug|Any CPU
		{9CD4E059-868E-4A6A-809B-5B7EB0E4DF89}.Release|Any CPU.ActiveCfg = Release|Any CPU
		{9CD4E059-868E-4A6A-809B-5B7EB0E4DF89}.Release|Any CPU.Build.0 = Release|Any CPU
		{EA922F55-9019-4819-9DBA-A0A59783D55C}.Debug|Any CPU.ActiveCfg = Debug|Any CPU
		{EA922F55-9019-4819-9DBA-A0A59783D55C}.Debug|Any CPU.Build.0 = Debug|Any CPU
		{EA922F55-9019-4819-9DBA-A0A59783D55C}.Release|Any CPU.ActiveCfg = Release|Any CPU
		{EA922F55-9019-4819-9DBA-A0A59783D55C}.Release|Any CPU.Build.0 = Release|Any CPU
		{C8899EDE-F3F4-40F3-B21E-8F2E1D77DA71}.Debug|Any CPU.ActiveCfg = Debug|Any CPU
		{C8899EDE-F3F4-40F3-B21E-8F2E1D77DA71}.Debug|Any CPU.Build.0 = Debug|Any CPU
		{C8899EDE-F3F4-40F3-B21E-8F2E1D77DA71}.Release|Any CPU.ActiveCfg = Release|Any CPU
		{C8899EDE-F3F4-40F3-B21E-8F2E1D77DA71}.Release|Any CPU.Build.0 = Release|Any CPU
	EndGlobalSection
	GlobalSection(SolutionProperties) = preSolution
		HideSolutionNode = FALSE
	EndGlobalSection
	GlobalSection(ExtensibilityGlobals) = postSolution
		SolutionGuid = {66EA1591-9BE8-4CBE-94FB-90383C2EDA7A}
	EndGlobalSection
EndGlobal
